
Microsoft Visual Studio Solution File, Format Version 12.00
# Visual Studio Version 16
VisualStudioVersion = 16.0.31112.23
MinimumVisualStudioVersion = 10.0.40219.1
Project("{9A19103F-16F7-4668-BE54-9A1E7A4F7556}") = "MyToDo", "MyToDo\MyToDo.csproj", "{DFDCFF44-8DEA-4669-B21A-EF2C0BC9218D}"
EndProject
Global
	GlobalSection(SolutionConfigurationPlatforms) = preSolution
		Debug|Any CPU = Debug|Any CPU
		Release|Any CPU = Release|Any CPU
	EndGlobalSection
	GlobalSection(ProjectConfigurationPlatforms) = postSolution
		{DFDCFF44-8DEA-4669-B21A-EF2C0BC9218D}.Debug|Any CPU.ActiveCfg = Debug|Any CPU
		{DFDCFF44-8DEA-4669-B21A-EF2C0BC9218D}.Debug|Any CPU.Build.0 = Debug|Any CPU
		{DFDCFF44-8DEA-4669-B21A-EF2C0BC9218D}.Release|Any CPU.ActiveCfg = Release|Any CPU
		{DFDCFF44-8DEA-4669-B21A-EF2C0BC9218D}.Release|Any CPU.Build.0 = Release|Any CPU
	EndGlobalSection
	GlobalSection(SolutionProperties) = preSolution
		HideSolutionNode = FALSE
	EndGlobalSection
	GlobalSection(ExtensibilityGlobals) = postSolution
		SolutionGuid = {72945B1E-704E-4AF5-9E09-26DA644B7CBA}
	EndGlobalSection
EndGlobal
